
Microsoft Visual Studio Solution File, Format Version 12.00
# Visual Studio Version 17
VisualStudioVersion = 17.0.31912.275
MinimumVisualStudioVersion = 10.0.40219.1
Project("{FAE04EC0-301F-11D3-BF4B-00C04F79EFBC}") = "TA_ASP_Kecskek", "TA_ASP_Kecskek\TA_ASP_Kecskek.csproj", "{133D3FA0-A175-45FE-9CD0-E27F9679B931}"
EndProject
Global
	GlobalSection(SolutionConfigurationPlatforms) = preSolution
		Debug|Any CPU = Debug|Any CPU
		Release|Any CPU = Release|Any CPU
	EndGlobalSection
	GlobalSection(ProjectConfigurationPlatforms) = postSolution
		{133D3FA0-A175-45FE-9CD0-E27F9679B931}.Debug|Any CPU.ActiveCfg = Debug|Any CPU
		{133D3FA0-A175-45FE-9CD0-E27F9679B931}.Debug|Any CPU.Build.0 = Debug|Any CPU
		{133D3FA0-A175-45FE-9CD0-E27F9679B931}.Release|Any CPU.ActiveCfg = Release|Any CPU
		{133D3FA0-A175-45FE-9CD0-E27F9679B931}.Release|Any CPU.Build.0 = Release|Any CPU
	EndGlobalSection
	GlobalSection(SolutionProperties) = preSolution
		HideSolutionNode = FALSE
	EndGlobalSection
	GlobalSection(ExtensibilityGlobals) = postSolution
		SolutionGuid = {5F66E42D-4740-4A08-9248-100D60FED65F}
	EndGlobalSection
EndGlobal
